
Microsoft Visual Studio Solution File, Format Version 12.00
# Visual Studio Version 17
VisualStudioVersion = 17.2.32630.192
MinimumVisualStudioVersion = 10.0.40219.1
Project("{9A19103F-16F7-4668-BE54-9A1E7A4F7556}") = "eBilet.Web", "eBilet.Web\eBilet.Web.csproj", "{238E7109-D6EF-4C88-9971-1369B5925594}"
EndProject
Project("{FAE04EC0-301F-11D3-BF4B-00C04F79EFBC}") = "eBilet.Data", "eBilet.Data\eBilet.Data.csproj", "{701D064C-73F8-436D-9653-6F6922E5DF91}"
EndProject
Project("{FAE04EC0-301F-11D3-BF4B-00C04F79EFBC}") = "eBilet.Entity", "eBilet.Entity\eBilet.Entity.csproj", "{3162E3E3-B3EF-4604-870B-5EE15A8ECBED}"
EndProject
Global
	GlobalSection(SolutionConfigurationPlatforms) = preSolution
		Debug|Any CPU = Debug|Any CPU
		Release|Any CPU = Release|Any CPU
	EndGlobalSection
	GlobalSection(ProjectConfigurationPlatforms) = postSolution
		{238E7109-D6EF-4C88-9971-1369B5925594}.Debug|Any CPU.ActiveCfg = Debug|Any CPU
		{238E7109-D6EF-4C88-9971-1369B5925594}.Debug|Any CPU.Build.0 = Debug|Any CPU
		{238E7109-D6EF-4C88-9971-1369B5925594}.Release|Any CPU.ActiveCfg = Release|Any CPU
		{238E7109-D6EF-4C88-9971-1369B5925594}.Release|Any CPU.Build.0 = Release|Any CPU
		{701D064C-73F8-436D-9653-6F6922E5DF91}.Debug|Any CPU.ActiveCfg = Debug|Any CPU
		{701D064C-73F8-436D-9653-6F6922E5DF91}.Debug|Any CPU.Build.0 = Debug|Any CPU
		{701D064C-73F8-436D-9653-6F6922E5DF91}.Release|Any CPU.ActiveCfg = Release|Any CPU
		{701D064C-73F8-436D-9653-6F6922E5DF91}.Release|Any CPU.Build.0 = Release|Any CPU
		{3162E3E3-B3EF-4604-870B-5EE15A8ECBED}.Debug|Any CPU.ActiveCfg = Debug|Any CPU
		{3162E3E3-B3EF-4604-870B-5EE15A8ECBED}.Debug|Any CPU.Build.0 = Debug|Any CPU
		{3162E3E3-B3EF-4604-870B-5EE15A8ECBED}.Release|Any CPU.ActiveCfg = Release|Any CPU
		{3162E3E3-B3EF-4604-870B-5EE15A8ECBED}.Release|Any CPU.Build.0 = Release|Any CPU
	EndGlobalSection
	GlobalSection(SolutionProperties) = preSolution
		HideSolutionNode = FALSE
	EndGlobalSection
	GlobalSection(ExtensibilityGlobals) = postSolution
		SolutionGuid = {6B4E885F-5D39-44A2-AE87-5DD9AFF39B3A}
	EndGlobalSection
EndGlobal
